<?xml version="1.0" encoding="utf-8"?>
<Project ToolsVersion="4.0" xmlns="http://schemas.microsoft.com/developer/msbuild/2003">
  <ItemGroup>
    <Filter Include="소스 파일">
      <UniqueIdentifier>{4FC737F1-C7A5-4376-A066-2A32D752A2FF}</UniqueIdentifier>
      <Extensions>cpp;c;cc;cxx;c++;cppm;ixx;def;odl;idl;hpj;bat;asm;asmx</Extensions>
    </Filter>
    <Filter Include="헤더 파일">
      <UniqueIdentifier>{93995380-89BD-4b04-88EB-625FBE52EBFB}</UniqueIdentifier>
      <Extensions>h;hh;hpp;hxx;h++;hm;inl;inc;ipp;xsd</Extensions>
    </Filter>
    <Filter Include="리소스 파일">
      <UniqueIdentifier>{67DA6AB6-F800-4c08-8B7A-83BB121AAD01}</UniqueIdentifier>
      <Extensions>rc;ico;cur;bmp;dlg;rc2;rct;bin;rgs;gif;jpg;jpeg;jpe;resx;tiff;tif;png;wav;mfcribbon-ms</Extensions>
    </Filter>
  </ItemGroup>
  <ItemGroup>
    <ClInclude Include="framework.h">
      <Filter>헤더 파일</Filter>
    </ClInclude>
    <ClInclude Include="targetver.h">
      <Filter>헤더 파일</Filter>
    </ClInclude>
    <ClInclude Include="Resource.h">
      <Filter>헤더 파일</Filter>
    </ClInclude>
    <ClInclude Include="WindowsProject1.h">
      <Filter>헤더 파일</Filter>
    </ClInclude>
    <ClInclude Include="Common\BaseWindow.h">
      <Filter>헤더 파일</Filter>
    </ClInclude>
    <ClInclude Include="Common\MainWindow.h">
      <Filter>헤더 파일</Filter>
    </ClInclude>
    <ClInclude Include="Common\DxgiLogger.h">
      <Filter>헤더 파일</Filter>
    </ClInclude>
    <ClInclude Include="Common\DxDebug.h">
      <Filter>헤더 파일</Filter>
    </ClInclude>
    <ClInclude Include="Common\DxDevice.h">
      <Filter>헤더 파일</Filter>
    </ClInclude>
    <ClInclude Include="Common\GameTimer.h">
      <Filter>헤더 파일</Filter>
    </ClInclude>
    <ClInclude Include="06\BoxApp.h">
      <Filter>헤더 파일</Filter>
    </ClInclude>
    <ClInclude Include="05\InitApp.h">
      <Filter>헤더 파일</Filter>
    </ClInclude>
    <ClInclude Include="Common\MathHelper.h">
      <Filter>헤더 파일</Filter>
    </ClInclude>
    <ClInclude Include="Common\DxUtil.h">
      <Filter>헤더 파일</Filter>
    </ClInclude>
    <ClInclude Include="Common\UploadBuffer.h">
      <Filter>헤더 파일</Filter>
    </ClInclude>
    <ClInclude Include="Common\GeometryGenerator.h">
      <Filter>헤더 파일</Filter>
    </ClInclude>
    <ClInclude Include="07\ShapeApp.h">
      <Filter>헤더 파일</Filter>
    </ClInclude>
    <ClInclude Include="07\FrameResource.h">
      <Filter>헤더 파일</Filter>
    </ClInclude>
    <ClInclude Include="07LandAndWaves\LandAndWavesApp.h">
      <Filter>헤더 파일</Filter>
    </ClInclude>
    <ClInclude Include="07LandAndWaves\FrameResource.h">
      <Filter>헤더 파일</Filter>
    </ClInclude>
    <ClInclude Include="07LandAndWaves\Waves.h">
      <Filter>헤더 파일</Filter>
    </ClInclude>
    <ClInclude Include="08LitWaves\LitWavesApp.h">
      <Filter>헤더 파일</Filter>
    </ClInclude>
    <ClInclude Include="08LitWaves\Waves.h">
      <Filter>헤더 파일</Filter>
    </ClInclude>
    <ClInclude Include="08LitWaves\FrameResource.h">
      <Filter>헤더 파일</Filter>
    </ClInclude>
    <ClInclude Include="09Crate\FrameResource.h">
      <Filter>헤더 파일</Filter>
    </ClInclude>
    <ClInclude Include="09Crate\CrateApp.h">
      <Filter>헤더 파일</Filter>
    </ClInclude>
    <ClInclude Include="Common\DDSTextureLoader.h">
      <Filter>헤더 파일</Filter>
    </ClInclude>
    <ClInclude Include="09TexShape\FrameResource.h">
      <Filter>헤더 파일</Filter>
    </ClInclude>
    <ClInclude Include="09TexShape\TexShapeApp.h">
      <Filter>헤더 파일</Filter>
    </ClInclude>
    <ClInclude Include="09TexWaves\FrameResource.h">
      <Filter>헤더 파일</Filter>
    </ClInclude>
    <ClInclude Include="09TexWaves\TexWavesApp.h">
      <Filter>헤더 파일</Filter>
    </ClInclude>
    <ClInclude Include="09TexWaves\Waves.h">
      <Filter>헤더 파일</Filter>
    </ClInclude>
    <ClInclude Include="10Blend\FrameResource.h">
      <Filter>헤더 파일</Filter>
    </ClInclude>
    <ClInclude Include="10Blend\BlendApp.h">
      <Filter>헤더 파일</Filter>
    </ClInclude>
    <ClInclude Include="10Blend\Waves.h">
      <Filter>헤더 파일</Filter>
    </ClInclude>
    <ClInclude Include="11Stencil\StencilApp.h">
      <Filter>헤더 파일</Filter>
    </ClInclude>
    <ClInclude Include="11Stencil\FrameResource.h">
      <Filter>헤더 파일</Filter>
    </ClInclude>
    <ClInclude Include="11Stencil\Waves.h">
      <Filter>헤더 파일</Filter>
    </ClInclude>
    <ClInclude Include="12TreeBillboards\TreeApp.h">
      <Filter>헤더 파일</Filter>
    </ClInclude>
    <ClInclude Include="12TreeBillboards\FrameResource.h">
      <Filter>헤더 파일</Filter>
    </ClInclude>
    <ClInclude Include="12TreeBillboards\Waves.h">
      <Filter>헤더 파일</Filter>
    </ClInclude>
    <ClInclude Include="13Blur\FrameResource.h">
      <Filter>헤더 파일</Filter>
    </ClInclude>
    <ClInclude Include="13Blur\BlurApp.h">
      <Filter>헤더 파일</Filter>
    </ClInclude>
    <ClInclude Include="13Blur\Waves.h">
      <Filter>헤더 파일</Filter>
    </ClInclude>
    <ClInclude Include="13Blur\BlurFilter.h">
      <Filter>헤더 파일</Filter>
    </ClInclude>
    <ClInclude Include="14BasicTessellation\BasicTessellationApp.h">
      <Filter>헤더 파일</Filter>
    </ClInclude>
    <ClInclude Include="14BasicTessellation\FrameResource.h">
      <Filter>헤더 파일</Filter>
    </ClInclude>
    <ClInclude Include="14Bezier\BezierApp.h">
      <Filter>헤더 파일</Filter>
    </ClInclude>
    <ClInclude Include="14Bezier\FrameResource.h">
      <Filter>헤더 파일</Filter>
    </ClInclude>
    <ClInclude Include="Common\Camera.h">
      <Filter>헤더 파일</Filter>
    </ClInclude>
    <ClInclude Include="15Camera\CameraApp.h">
      <Filter>헤더 파일</Filter>
    </ClInclude>
    <ClInclude Include="15Camera\FrameResource.h">
      <Filter>헤더 파일</Filter>
    </ClInclude>
  </ItemGroup>
  <ItemGroup>
    <ClCompile Include="WindowsProject1.cpp">
      <Filter>소스 파일</Filter>
    </ClCompile>
    <ClCompile Include="Common\MainWindow.cpp">
      <Filter>소스 파일</Filter>
    </ClCompile>
    <ClCompile Include="Common\DXGILogger.cpp">
      <Filter>소스 파일</Filter>
    </ClCompile>
    <ClCompile Include="Common\DxException.cpp">
      <Filter>소스 파일</Filter>
    </ClCompile>
    <ClCompile Include="Common\DxDevice.cpp">
      <Filter>소스 파일</Filter>
    </ClCompile>
    <ClCompile Include="Common\GameTimer.cpp">
      <Filter>소스 파일</Filter>
    </ClCompile>
    <ClCompile Include="05\InitApp.cpp">
      <Filter>소스 파일</Filter>
    </ClCompile>
    <ClCompile Include="Common\MathHelper.cpp">
      <Filter>소스 파일</Filter>
    </ClCompile>
    <ClCompile Include="06\BoxApp.cpp">
      <Filter>소스 파일</Filter>
    </ClCompile>
    <ClCompile Include="Common\DxUtil.cpp">
      <Filter>소스 파일</Filter>
    </ClCompile>
    <ClCompile Include="07\ShapeApp.cpp">
      <Filter>소스 파일</Filter>
    </ClCompile>
    <ClCompile Include="Common\GeometryGenerator.cpp">
      <Filter>소스 파일</Filter>
    </ClCompile>
    <ClCompile Include="07\FrameResource.cpp">
      <Filter>소스 파일</Filter>
    </ClCompile>
    <ClCompile Include="07LandAndWaves\LandAndWavesApp.cpp">
      <Filter>소스 파일</Filter>
    </ClCompile>
    <ClCompile Include="07LandAndWaves\FrameResource.cpp">
      <Filter>소스 파일</Filter>
    </ClCompile>
    <ClCompile Include="07LandAndWaves\Waves.cpp">
      <Filter>소스 파일</Filter>
    </ClCompile>
    <ClCompile Include="08LitWaves\LitWavesApp.cpp">
      <Filter>소스 파일</Filter>
    </ClCompile>
    <ClCompile Include="08LitWaves\Waves.cpp">
      <Filter>소스 파일</Filter>
    </ClCompile>
    <ClCompile Include="08LitWaves\FrameResource.cpp">
      <Filter>소스 파일</Filter>
    </ClCompile>
    <ClCompile Include="09Crate\FrameResource.cpp">
      <Filter>소스 파일</Filter>
    </ClCompile>
    <ClCompile Include="09Crate\CrateApp.cpp">
      <Filter>소스 파일</Filter>
    </ClCompile>
    <ClCompile Include="Common\DDSTextureLoader.cpp">
      <Filter>소스 파일</Filter>
    </ClCompile>
    <ClCompile Include="09TexShape\FrameResource.cpp">
      <Filter>소스 파일</Filter>
    </ClCompile>
    <ClCompile Include="09TexShape\TexShapeApp.cpp">
      <Filter>소스 파일</Filter>
    </ClCompile>
    <ClCompile Include="09TexWaves\FrameResource.cpp">
      <Filter>소스 파일</Filter>
    </ClCompile>
    <ClCompile Include="09TexWaves\TexWavesApp.cpp">
      <Filter>소스 파일</Filter>
    </ClCompile>
    <ClCompile Include="09TexWaves\Waves.cpp">
      <Filter>소스 파일</Filter>
    </ClCompile>
    <ClCompile Include="10Blend\FrameResource.cpp">
      <Filter>소스 파일</Filter>
    </ClCompile>
    <ClCompile Include="10Blend\BlendApp.cpp">
      <Filter>소스 파일</Filter>
    </ClCompile>
    <ClCompile Include="10Blend\Waves.cpp">
      <Filter>소스 파일</Filter>
    </ClCompile>
    <ClCompile Include="11Stencil\StencilApp.cpp">
      <Filter>소스 파일</Filter>
    </ClCompile>
    <ClCompile Include="11Stencil\FrameResource.cpp">
      <Filter>소스 파일</Filter>
    </ClCompile>
    <ClCompile Include="11Stencil\Waves.cpp">
      <Filter>소스 파일</Filter>
    </ClCompile>
    <ClCompile Include="12TreeBillboards\TreeApp.cpp">
      <Filter>소스 파일</Filter>
    </ClCompile>
    <ClCompile Include="12TreeBillboards\FrameResource.cpp">
      <Filter>소스 파일</Filter>
    </ClCompile>
    <ClCompile Include="12TreeBillboards\Waves.cpp">
      <Filter>소스 파일</Filter>
    </ClCompile>
    <ClCompile Include="13Blur\FrameResource.cpp">
      <Filter>소스 파일</Filter>
    </ClCompile>
    <ClCompile Include="13Blur\BlurApp.cpp">
      <Filter>소스 파일</Filter>
    </ClCompile>
    <ClCompile Include="13Blur\Waves.cpp">
      <Filter>소스 파일</Filter>
    </ClCompile>
    <ClCompile Include="13Blur\BlurFilter.cpp">
      <Filter>소스 파일</Filter>
    </ClCompile>
    <ClCompile Include="14BasicTessellation\BasicTessellationApp.cpp">
      <Filter>소스 파일</Filter>
    </ClCompile>
    <ClCompile Include="14BasicTessellation\FrameResource.cpp">
      <Filter>소스 파일</Filter>
    </ClCompile>
    <ClCompile Include="14Bezier\BezierApp.cpp">
      <Filter>소스 파일</Filter>
    </ClCompile>
    <ClCompile Include="14Bezier\FrameResource.cpp">
      <Filter>소스 파일</Filter>
    </ClCompile>
    <ClCompile Include="Common\Camera.cpp">
      <Filter>소스 파일</Filter>
    </ClCompile>
    <ClCompile Include="15Camera\CameraApp.cpp">
      <Filter>소스 파일</Filter>
    </ClCompile>
    <ClCompile Include="15Camera\FrameResource.cpp">
      <Filter>소스 파일</Filter>
    </ClCompile>
  </ItemGroup>
  <ItemGroup>
    <ResourceCompile Include="WindowsProject1.rc">
      <Filter>리소스 파일</Filter>
    </ResourceCompile>
  </ItemGroup>
  <ItemGroup>
    <Image Include="small.ico">
      <Filter>리소스 파일</Filter>
    </Image>
    <Image Include="WindowsProject1.ico">
      <Filter>리소스 파일</Filter>
    </Image>
  </ItemGroup>
  <ItemGroup>
    <FxCompile Include="06\Shaders\VertexShader.hlsl">
      <Filter>소스 파일</Filter>
    </FxCompile>
    <FxCompile Include="06\Shaders\color.hlsl" />
    <FxCompile Include="07\Shaders\color.hlsl" />
    <FxCompile Include="07\Shaders\VertexShader.hlsl" />
    <FxCompile Include="08LitWaves\Shaders\Default.hlsl" />
    <FxCompile Include="08LitWaves\Shaders\LightingUtil.hlsl" />
    <FxCompile Include="09Crate\Shaders\Default.hlsl" />
    <FxCompile Include="09Crate\Shaders\LightingUtil.hlsl" />
    <FxCompile Include="09TexShape\Shaders\Default.hlsl" />
    <FxCompile Include="09TexShape\Shaders\LightingUtil.hlsl" />
    <FxCompile Include="09TexWaves\Shaders\Default.hlsl" />
    <FxCompile Include="09TexWaves\Shaders\LightingUtil.hlsl" />
    <FxCompile Include="10Blend\Shaders\Default.hlsl" />
    <FxCompile Include="10Blend\Shaders\LightingUtil.hlsl" />
    <FxCompile Include="11Stencil\Shaders\Default.hlsl" />
    <FxCompile Include="11Stencil\Shaders\LightingUtil.hlsl" />
    <FxCompile Include="11Stencil\Shaders\Clear.hlsl" />
    <FxCompile Include="12TreeBillboards\Shaders\Default.hlsl" />
    <FxCompile Include="12TreeBillboards\Shaders\LightingUtil.hlsl" />
    <FxCompile Include="12TreeBillboards\Shaders\TreeSprite.hlsl" />
    <FxCompile Include="13Blur\Shaders\Default.hlsl" />
    <FxCompile Include="13Blur\Shaders\LightingUtil.hlsl" />
    <FxCompile Include="13Blur\Shaders\TreeSprite.hlsl" />
    <FxCompile Include="13Blur\Shaders\Blur.hlsl" />
    <FxCompile Include="14BasicTessellation\Shaders\Blur.hlsl" />
    <FxCompile Include="14BasicTessellation\Shaders\Default.hlsl" />
    <FxCompile Include="14BasicTessellation\Shaders\LightingUtil.hlsl" />
    <FxCompile Include="14BasicTessellation\Shaders\TreeSprite.hlsl" />
    <FxCompile Include="14BasicTessellation\Shaders\Tessellation.hlsl" />
    <FxCompile Include="14Bezier\Shaders\Blur.hlsl" />
    <FxCompile Include="14Bezier\Shaders\Default.hlsl" />
    <FxCompile Include="14Bezier\Shaders\LightingUtil.hlsl" />
    <FxCompile Include="14Bezier\Shaders\Tessellation.hlsl" />
    <FxCompile Include="14Bezier\Shaders\TreeSprite.hlsl" />
    <FxCompile Include="15Camera\Shaders\Blur.hlsl" />
    <FxCompile Include="15Camera\Shaders\Default.hlsl" />
    <FxCompile Include="15Camera\Shaders\LightingUtil.hlsl" />
    <FxCompile Include="15Camera\Shaders\Tessellation.hlsl" />
    <FxCompile Include="15Camera\Shaders\TreeSprite.hlsl" />
  </ItemGroup>
</Project>